
Microsoft Visual Studio Solution File, Format Version 12.00
# Visual Studio Version 16
VisualStudioVersion = 16.0.29709.97
MinimumVisualStudioVersion = 10.0.40219.1
Project("{FAE04EC0-301F-11D3-BF4B-00C04F79EFBC}") = "ConsoleAppToWriteEventhub", "ConsoleAppToWriteEventhub.csproj", "{18EB4DC7-9376-4B5B-A703-E32ABACB877D}"
EndProject
Global
	GlobalSection(SolutionConfigurationPlatforms) = preSolution
		Debug|Any CPU = Debug|Any CPU
		Release|Any CPU = Release|Any CPU
	EndGlobalSection
	GlobalSection(ProjectConfigurationPlatforms) = postSolution
		{18EB4DC7-9376-4B5B-A703-E32ABACB877D}.Debug|Any CPU.ActiveCfg = Debug|Any CPU
		{18EB4DC7-9376-4B5B-A703-E32ABACB877D}.Debug|Any CPU.Build.0 = Debug|Any CPU
		{18EB4DC7-9376-4B5B-A703-E32ABACB877D}.Release|Any CPU.ActiveCfg = Release|Any CPU
		{18EB4DC7-9376-4B5B-A703-E32ABACB877D}.Release|Any CPU.Build.0 = Release|Any CPU
	EndGlobalSection
	GlobalSection(SolutionProperties) = preSolution
		HideSolutionNode = FALSE
	EndGlobalSection
	GlobalSection(ExtensibilityGlobals) = postSolution
		SolutionGuid = {C8F6ADE4-8DAD-42EF-B101-1274624DFDDF}
	EndGlobalSection
EndGlobal
